# This file is automatically @generated by Cargo.
# It is not intended for manual editing.
version = 4

[[package]]
name = "sapphire-compiler"
version = "0.0.0"
dependencies = [
 "sapphire-core",
]

[[package]]
name = "sapphire-core"
version = "0.0.0"

[[package]]
name = "sapphire-lsp"
version = "0.0.0"
dependencies = [
 "sapphire-core",
]
